
Microsoft Visual Studio Solution File, Format Version 12.00
# Visual Studio Version 16
VisualStudioVersion = 16.0.31410.357
MinimumVisualStudioVersion = 10.0.40219.1
Project("{9A19103F-16F7-4668-BE54-9A1E7A4F7556}") = "SAIRCMS.Server", "SAIRCMS\Server\SAIRCMS.Server.csproj", "{D41F5123-6D02-4DAF-9819-BC564A14FDB4}"
EndProject
Project("{9A19103F-16F7-4668-BE54-9A1E7A4F7556}") = "SAIRCMS.Client", "SAIRCMS\Client\SAIRCMS.Client.csproj", "{FC4EF849-C103-464B-AA82-D1155F341993}"
EndProject
Project("{9A19103F-16F7-4668-BE54-9A1E7A4F7556}") = "SAIRCMS.Application", "SAIRCMS.Application\SAIRCMS.Application.csproj", "{CFA626D5-069C-4B70-8619-39EB2B9B8651}"
EndProject
Project("{9A19103F-16F7-4668-BE54-9A1E7A4F7556}") = "SAIRCMS.Domain", "SAIRCMS.Domain\SAIRCMS.Domain.csproj", "{C370E4FE-50C3-434E-9D87-35C3C61482D1}"
EndProject
Project("{9A19103F-16F7-4668-BE54-9A1E7A4F7556}") = "SAIRCMS.Infrastructure", "SAIRCMS.Infrastructure\SAIRCMS.Infrastructure.csproj", "{55DD7EFA-7B98-41FC-8560-CD454F9162C5}"
EndProject
Global
	GlobalSection(SolutionConfigurationPlatforms) = preSolution
		Debug|Any CPU = Debug|Any CPU
		Release|Any CPU = Release|Any CPU
	EndGlobalSection
	GlobalSection(ProjectConfigurationPlatforms) = postSolution
		{D41F5123-6D02-4DAF-9819-BC564A14FDB4}.Debug|Any CPU.ActiveCfg = Debug|Any CPU
		{D41F5123-6D02-4DAF-9819-BC564A14FDB4}.Debug|Any CPU.Build.0 = Debug|Any CPU
		{D41F5123-6D02-4DAF-9819-BC564A14FDB4}.Release|Any CPU.ActiveCfg = Release|Any CPU
		{D41F5123-6D02-4DAF-9819-BC564A14FDB4}.Release|Any CPU.Build.0 = Release|Any CPU
		{FC4EF849-C103-464B-AA82-D1155F341993}.Debug|Any CPU.ActiveCfg = Debug|Any CPU
		{FC4EF849-C103-464B-AA82-D1155F341993}.Debug|Any CPU.Build.0 = Debug|Any CPU
		{FC4EF849-C103-464B-AA82-D1155F341993}.Release|Any CPU.ActiveCfg = Release|Any CPU
		{FC4EF849-C103-464B-AA82-D1155F341993}.Release|Any CPU.Build.0 = Release|Any CPU
		{CFA626D5-069C-4B70-8619-39EB2B9B8651}.Debug|Any CPU.ActiveCfg = Debug|Any CPU
		{CFA626D5-069C-4B70-8619-39EB2B9B8651}.Debug|Any CPU.Build.0 = Debug|Any CPU
		{CFA626D5-069C-4B70-8619-39EB2B9B8651}.Release|Any CPU.ActiveCfg = Release|Any CPU
		{CFA626D5-069C-4B70-8619-39EB2B9B8651}.Release|Any CPU.Build.0 = Release|Any CPU
		{C370E4FE-50C3-434E-9D87-35C3C61482D1}.Debug|Any CPU.ActiveCfg = Debug|Any CPU
		{C370E4FE-50C3-434E-9D87-35C3C61482D1}.Debug|Any CPU.Build.0 = Debug|Any CPU
		{C370E4FE-50C3-434E-9D87-35C3C61482D1}.Release|Any CPU.ActiveCfg = Release|Any CPU
		{C370E4FE-50C3-434E-9D87-35C3C61482D1}.Release|Any CPU.Build.0 = Release|Any CPU
		{55DD7EFA-7B98-41FC-8560-CD454F9162C5}.Debug|Any CPU.ActiveCfg = Debug|Any CPU
		{55DD7EFA-7B98-41FC-8560-CD454F9162C5}.Debug|Any CPU.Build.0 = Debug|Any CPU
		{55DD7EFA-7B98-41FC-8560-CD454F9162C5}.Release|Any CPU.ActiveCfg = Release|Any CPU
		{55DD7EFA-7B98-41FC-8560-CD454F9162C5}.Release|Any CPU.Build.0 = Release|Any CPU
	EndGlobalSection
	GlobalSection(SolutionProperties) = preSolution
		HideSolutionNode = FALSE
	EndGlobalSection
	GlobalSection(ExtensibilityGlobals) = postSolution
		SolutionGuid = {63C01D79-6780-4D6F-B45F-48C29B621C24}
	EndGlobalSection
EndGlobal
